Microsoft Visual Studio Solution File, Format Version 12.00
# Visual Studio Version 17
VisualStudioVersion = 17.5.2.0
MinimumVisualStudioVersion = 10.0.40219.1
Project("{2150E333-8FDC-42A3-9474-1A3956D46DE8}") = "native-host", "native-host", "{9085DBEB-54AC-D291-9A27-AF3C57C5965F}"
EndProject
Project("{FAE04EC0-301F-11D3-BF4B-00C04F79EFBC}") = "LexTrace.NativeHost", "native-host\LexTrace.NativeHost\LexTrace.NativeHost.csproj", "{995DCB3A-6329-952A-4838-E7D4BFBD6108}"
EndProject
Global
	GlobalSection(SolutionConfigurationPlatforms) = preSolution
		Debug|Any CPU = Debug|Any CPU
		Release|Any CPU = Release|Any CPU
	EndGlobalSection
	GlobalSection(ProjectConfigurationPlatforms) = postSolution
		{995DCB3A-6329-952A-4838-E7D4BFBD6108}.Debug|Any CPU.ActiveCfg = Debug|Any CPU
		{995DCB3A-6329-952A-4838-E7D4BFBD6108}.Debug|Any CPU.Build.0 = Debug|Any CPU
		{995DCB3A-6329-952A-4838-E7D4BFBD6108}.Release|Any CPU.ActiveCfg = Release|Any CPU
		{995DCB3A-6329-952A-4838-E7D4BFBD6108}.Release|Any CPU.Build.0 = Release|Any CPU
	EndGlobalSection
	GlobalSection(SolutionProperties) = preSolution
		HideSolutionNode = FALSE
	EndGlobalSection
	GlobalSection(NestedProjects) = preSolution
		{995DCB3A-6329-952A-4838-E7D4BFBD6108} = {9085DBEB-54AC-D291-9A27-AF3C57C5965F}
	EndGlobalSection
	GlobalSection(ExtensibilityGlobals) = postSolution
		SolutionGuid = {B46BF5A0-4176-4729-A587-0010C4845181}
	EndGlobalSection
EndGlobal
